
Microsoft Visual Studio Solution File, Format Version 12.00
# Visual Studio 15
VisualStudioVersion = 15.0.27428.2002
MinimumVisualStudioVersion = 10.0.40219.1
Project("{FAE04EC0-301F-11D3-BF4B-00C04F79EFBC}") = "ImageService", "ImageService\ImageService.csproj", "{2D331D71-4562-4E36-B6FD-B1FBA85F2CBE}"
EndProject
Project("{FAE04EC0-301F-11D3-BF4B-00C04F79EFBC}") = "ImageServiceGUI", "WpfApplication1\ImageServiceGUI.csproj", "{D162F117-6CE3-422D-B58A-B9ECADF0496D}"
EndProject
Project("{FAE04EC0-301F-11D3-BF4B-00C04F79EFBC}") = "ImageService.Infrastructure", "ImageService.Infrastructure\ImageService.Infrastructure.csproj", "{E4BF0821-B354-44C3-9BF6-78E0FD3C6C98}"
EndProject
Project("{FAE04EC0-301F-11D3-BF4B-00C04F79EFBC}") = "ImageService.Logging", "ImageService.Logging\ImageService.Logging.csproj", "{5052BEBC-6D87-4101-9019-A293E6BF131C}"
EndProject
Project("{FAE04EC0-301F-11D3-BF4B-00C04F79EFBC}") = "ImageService.Communication", "ImageService.Communication\ImageService.Communication.csproj", "{6A5F8C6A-0CFA-445A-817B-8DC2390121ED}"
EndProject
Project("{911E67C6-3D85-4FCE-B560-20A9C3E3FF48}") = "ImageServiceGUI - Copy", "WpfApplication1\bin\Debug\ImageServiceGUI - Copy.exe", "{ECD3846E-FBE7-4F7D-B1B3-E09A1D39DFE2}"
	ProjectSection(DebuggerProjectSystem) = preProject
		PortSupplier = 00000000-0000-0000-0000-000000000000
		Executable = C:\Users\Keren\source\repos\ImageService\WpfApplication1\bin\Debug\ImageServiceGUI - Copy.exe
		RemoteMachine = DESKTOP-JTQJAGV
		StartingDirectory = C:\Users\Keren\source\repos\ImageService\WpfApplication1\bin\Debug
		Environment = Default
		LaunchingEngine = 00000000-0000-0000-0000-000000000000
		UseLegacyDebugEngines = No
		LaunchSQLEngine = No
		AttachLaunchAction = No
	EndProjectSection
EndProject
Project("{911E67C6-3D85-4FCE-B560-20A9C3E3FF48}") = "ImageServiceGUI - Copy (2)", "WpfApplication1\bin\Debug\ImageServiceGUI - Copy (2).exe", "{B07A7009-AB30-411D-9A1E-C47A46521CDC}"
	ProjectSection(DebuggerProjectSystem) = preProject
		PortSupplier = 00000000-0000-0000-0000-000000000000
		Executable = C:\Users\Keren\source\repos\ImageService\WpfApplication1\bin\Debug\ImageServiceGUI - Copy (2).exe
		RemoteMachine = DESKTOP-JTQJAGV
		StartingDirectory = C:\Users\Keren\source\repos\ImageService\WpfApplication1\bin\Debug
		Environment = Default
		LaunchingEngine = 00000000-0000-0000-0000-000000000000
		UseLegacyDebugEngines = No
		LaunchSQLEngine = No
		AttachLaunchAction = No
	EndProjectSection
EndProject
Global
	GlobalSection(SolutionConfigurationPlatforms) = preSolution
		Debug|Any CPU = Debug|Any CPU
		Debug|x86 = Debug|x86
		Release|Any CPU = Release|Any CPU
		Release|x86 = Release|x86
	EndGlobalSection
	GlobalSection(ProjectConfigurationPlatforms) = postSolution
		{2D331D71-4562-4E36-B6FD-B1FBA85F2CBE}.Debug|Any CPU.ActiveCfg = Debug|Any CPU
		{2D331D71-4562-4E36-B6FD-B1FBA85F2CBE}.Debug|Any CPU.Build.0 = Debug|Any CPU
		{2D331D71-4562-4E36-B6FD-B1FBA85F2CBE}.Debug|x86.ActiveCfg = Debug|Any CPU
		{2D331D71-4562-4E36-B6FD-B1FBA85F2CBE}.Debug|x86.Build.0 = Debug|Any CPU
		{2D331D71-4562-4E36-B6FD-B1FBA85F2CBE}.Release|Any CPU.ActiveCfg = Release|Any CPU
		{2D331D71-4562-4E36-B6FD-B1FBA85F2CBE}.Release|Any CPU.Build.0 = Release|Any CPU
		{2D331D71-4562-4E36-B6FD-B1FBA85F2CBE}.Release|x86.ActiveCfg = Release|Any CPU
		{2D331D71-4562-4E36-B6FD-B1FBA85F2CBE}.Release|x86.Build.0 = Release|Any CPU
		{D162F117-6CE3-422D-B58A-B9ECADF0496D}.Debug|Any CPU.ActiveCfg = Debug|Any CPU
		{D162F117-6CE3-422D-B58A-B9ECADF0496D}.Debug|Any CPU.Build.0 = Debug|Any CPU
		{D162F117-6CE3-422D-B58A-B9ECADF0496D}.Debug|x86.ActiveCfg = Debug|Any CPU
		{D162F117-6CE3-422D-B58A-B9ECADF0496D}.Debug|x86.Build.0 = Debug|Any CPU
		{D162F117-6CE3-422D-B58A-B9ECADF0496D}.Release|Any CPU.ActiveCfg = Release|Any CPU
		{D162F117-6CE3-422D-B58A-B9ECADF0496D}.Release|Any CPU.Build.0 = Release|Any CPU
		{D162F117-6CE3-422D-B58A-B9ECADF0496D}.Release|x86.ActiveCfg = Release|Any CPU
		{D162F117-6CE3-422D-B58A-B9ECADF0496D}.Release|x86.Build.0 = Release|Any CPU
		{E4BF0821-B354-44C3-9BF6-78E0FD3C6C98}.Debug|Any CPU.ActiveCfg = Debug|Any CPU
		{E4BF0821-B354-44C3-9BF6-78E0FD3C6C98}.Debug|Any CPU.Build.0 = Debug|Any CPU
		{E4BF0821-B354-44C3-9BF6-78E0FD3C6C98}.Debug|x86.ActiveCfg = Debug|Any CPU
		{E4BF0821-B354-44C3-9BF6-78E0FD3C6C98}.Debug|x86.Build.0 = Debug|Any CPU
		{E4BF0821-B354-44C3-9BF6-78E0FD3C6C98}.Release|Any CPU.ActiveCfg = Release|Any CPU
		{E4BF0821-B354-44C3-9BF6-78E0FD3C6C98}.Release|Any CPU.Build.0 = Release|Any CPU
		{E4BF0821-B354-44C3-9BF6-78E0FD3C6C98}.Release|x86.ActiveCfg = Release|Any CPU
		{E4BF0821-B354-44C3-9BF6-78E0FD3C6C98}.Release|x86.Build.0 = Release|Any CPU
		{5052BEBC-6D87-4101-9019-A293E6BF131C}.Debug|Any CPU.ActiveCfg = Debug|Any CPU
		{5052BEBC-6D87-4101-9019-A293E6BF131C}.Debug|Any CPU.Build.0 = Debug|Any CPU
		{5052BEBC-6D87-4101-9019-A293E6BF131C}.Debug|x86.ActiveCfg = Debug|Any CPU
		{5052BEBC-6D87-4101-9019-A293E6BF131C}.Debug|x86.Build.0 = Debug|Any CPU
		{5052BEBC-6D87-4101-9019-A293E6BF131C}.Release|Any CPU.ActiveCfg = Release|Any CPU
		{5052BEBC-6D87-4101-9019-A293E6BF131C}.Release|Any CPU.Build.0 = Release|Any CPU
		{5052BEBC-6D87-4101-9019-A293E6BF131C}.Release|x86.ActiveCfg = Release|Any CPU
		{5052BEBC-6D87-4101-9019-A293E6BF131C}.Release|x86.Build.0 = Release|Any CPU
		{6A5F8C6A-0CFA-445A-817B-8DC2390121ED}.Debug|Any CPU.ActiveCfg = Debug|Any CPU
		{6A5F8C6A-0CFA-445A-817B-8DC2390121ED}.Debug|Any CPU.Build.0 = Debug|Any CPU
		{6A5F8C6A-0CFA-445A-817B-8DC2390121ED}.Debug|x86.ActiveCfg = Debug|Any CPU
		{6A5F8C6A-0CFA-445A-817B-8DC2390121ED}.Debug|x86.Build.0 = Debug|Any CPU
		{6A5F8C6A-0CFA-445A-817B-8DC2390121ED}.Release|Any CPU.ActiveCfg = Release|Any CPU
		{6A5F8C6A-0CFA-445A-817B-8DC2390121ED}.Release|Any CPU.Build.0 = Release|Any CPU
		{6A5F8C6A-0CFA-445A-817B-8DC2390121ED}.Release|x86.ActiveCfg = Release|Any CPU
		{6A5F8C6A-0CFA-445A-817B-8DC2390121ED}.Release|x86.Build.0 = Release|Any CPU
		{ECD3846E-FBE7-4F7D-B1B3-E09A1D39DFE2}.Debug|Any CPU.ActiveCfg = Release|x86
		{ECD3846E-FBE7-4F7D-B1B3-E09A1D39DFE2}.Debug|x86.ActiveCfg = Release|x86
		{ECD3846E-FBE7-4F7D-B1B3-E09A1D39DFE2}.Release|Any CPU.ActiveCfg = Release|x86
		{ECD3846E-FBE7-4F7D-B1B3-E09A1D39DFE2}.Release|x86.ActiveCfg = Release|x86
		{B07A7009-AB30-411D-9A1E-C47A46521CDC}.Debug|Any CPU.ActiveCfg = Release
		{B07A7009-AB30-411D-9A1E-C47A46521CDC}.Debug|x86.ActiveCfg = Release
		{B07A7009-AB30-411D-9A1E-C47A46521CDC}.Release|Any CPU.ActiveCfg = Release
		{B07A7009-AB30-411D-9A1E-C47A46521CDC}.Release|x86.ActiveCfg = Release
	EndGlobalSection
	GlobalSection(SolutionProperties) = preSolution
		HideSolutionNode = FALSE
	EndGlobalSection
	GlobalSection(ExtensibilityGlobals) = postSolution
		SolutionGuid = {CE1C8A87-B052-4423-8612-AF6E427E0490}
	EndGlobalSection
EndGlobal
