
Microsoft Visual Studio Solution File, Format Version 12.00
# Visual Studio 14
VisualStudioVersion = 14.0.25420.1
MinimumVisualStudioVersion = 10.0.40219.1
Project("{FAE04EC0-301F-11D3-BF4B-00C04F79EFBC}") = "ImageService", "ImageService\ImageService.csproj", "{2D331D71-4562-4E36-B6FD-B1FBA85F2CBE}"
EndProject
Project("{FAE04EC0-301F-11D3-BF4B-00C04F79EFBC}") = "ImageServiceGUI", "WpfApplication1\ImageServiceGUI.csproj", "{D162F117-6CE3-422D-B58A-B9ECADF0496D}"
EndProject
Global
	GlobalSection(SolutionConfigurationPlatforms) = preSolution
		Debug|Any CPU = Debug|Any CPU
		Release|Any CPU = Release|Any CPU
	EndGlobalSection
	GlobalSection(ProjectConfigurationPlatforms) = postSolution
		{2D331D71-4562-4E36-B6FD-B1FBA85F2CBE}.Debug|Any CPU.ActiveCfg = Debug|Any CPU
		{2D331D71-4562-4E36-B6FD-B1FBA85F2CBE}.Debug|Any CPU.Build.0 = Debug|Any CPU
		{2D331D71-4562-4E36-B6FD-B1FBA85F2CBE}.Release|Any CPU.ActiveCfg = Release|Any CPU
		{2D331D71-4562-4E36-B6FD-B1FBA85F2CBE}.Release|Any CPU.Build.0 = Release|Any CPU
		{D162F117-6CE3-422D-B58A-B9ECADF0496D}.Debug|Any CPU.ActiveCfg = Debug|Any CPU
		{D162F117-6CE3-422D-B58A-B9ECADF0496D}.Debug|Any CPU.Build.0 = Debug|Any CPU
		{D162F117-6CE3-422D-B58A-B9ECADF0496D}.Release|Any CPU.ActiveCfg = Release|Any CPU
		{D162F117-6CE3-422D-B58A-B9ECADF0496D}.Release|Any CPU.Build.0 = Release|Any CPU
	EndGlobalSection
	GlobalSection(SolutionProperties) = preSolution
		HideSolutionNode = FALSE
	EndGlobalSection
	GlobalSection(ExtensibilityGlobals) = postSolution
		SolutionGuid = {CE1C8A87-B052-4423-8612-AF6E427E0490}
	EndGlobalSection
EndGlobal
